
Microsoft Visual Studio Solution File, Format Version 12.00
# Visual Studio Version 17
VisualStudioVersion = 17.14.36915.13 d17.14
MinimumVisualStudioVersion = 10.0.40219.1
Project("{FAE04EC0-301F-11D3-BF4B-00C04F79EFBC}") = "WeatherAppMauiV2", "WeatherAppMauiV2\WeatherAppMauiV2.csproj", "{10C00946-C8DA-459A-BFDD-0972417E036D}"
EndProject
Global
	GlobalSection(SolutionConfigurationPlatforms) = preSolution
		Debug|Any CPU = Debug|Any CPU
		Release|Any CPU = Release|Any CPU
	EndGlobalSection
	GlobalSection(ProjectConfigurationPlatforms) = postSolution
		{10C00946-C8DA-459A-BFDD-0972417E036D}.Debug|Any CPU.ActiveCfg = Debug|Any CPU
		{10C00946-C8DA-459A-BFDD-0972417E036D}.Debug|Any CPU.Build.0 = Debug|Any CPU
		{10C00946-C8DA-459A-BFDD-0972417E036D}.Release|Any CPU.ActiveCfg = Release|Any CPU
		{10C00946-C8DA-459A-BFDD-0972417E036D}.Release|Any CPU.Build.0 = Release|Any CPU
	EndGlobalSection
	GlobalSection(SolutionProperties) = preSolution
		HideSolutionNode = FALSE
	EndGlobalSection
	GlobalSection(ExtensibilityGlobals) = postSolution
		SolutionGuid = {5B69AD85-DBEB-438F-AB67-0D3D375B1D8C}
	EndGlobalSection
EndGlobal
